schema: '2.0'
stages:
  data_ingestion:
    cmd: python3 src/data_ingestion.py
    deps:
    - path: src/data_ingestion.py
      hash: md5
      md5: f5b3e5e843c3bb4b6b9648fe7c52c73b
      size: 3537
    params:
      params.yaml:
        data_ingestion.test_size: 0.2
    outs:
    - path: data/raw
      hash: md5
      md5: 6a4d11ab83c20d7412f4696595c0b4d1.dir
      size: 479272
      nfiles: 2
  data_preprocessing:
    cmd: python3 src/data_preprocessing.py
    deps:
    - path: data/raw
      hash: md5
      md5: 6a4d11ab83c20d7412f4696595c0b4d1.dir
      size: 479272
      nfiles: 2
    - path: src/data_preprocessing.py
      hash: md5
      md5: dcae13b2bb9e3303e9a822be0fdc6661
      size: 3933
    outs:
    - path: data/interim
      hash: md5
      md5: 4e2bf3bcfeca48cf03b8b1cdc7bda914.dir
      size: 270615
      nfiles: 2
  feature_engineering:
    cmd: python3 src/feature_engineering.py
    deps:
    - path: data/interim
      hash: md5
      md5: 4e2bf3bcfeca48cf03b8b1cdc7bda914.dir
      size: 270615
      nfiles: 2
    - path: src/feature_engineering.py
      hash: md5
      md5: a1a4c57bd07fbf0a7839621ce40b9987
      size: 3848
    params:
      params.yaml:
        feature_engineering.max_features: 500
    outs:
    - path: data/processed
      hash: md5
      md5: 9f7749614b1d2137a687d4780a88945f.dir
      size: 10923479
      nfiles: 2
  model_building:
    cmd: python3 src/model_building.py
    deps:
    - path: data/processed
      hash: md5
      md5: 9f7749614b1d2137a687d4780a88945f.dir
      size: 10923479
      nfiles: 2
    - path: src/model_building.py
      hash: md5
      md5: a415c81a95e4448429dc368852d6a823
      size: 4288
    params:
      params.yaml:
        model_building.n_estimators: 100
        model_building.random_state: 2
    outs:
    - path: models/model.pkl
      hash: md5
      md5: 5b050db59011fd08d0f0537e33f3ba28
      size: 5889996
  model_evaluation:
    cmd: python3 src/model_evaluation.py
    deps:
    - path: models/model.pkl
      hash: md5
      md5: 5b050db59011fd08d0f0537e33f3ba28
      size: 5889996
    - path: src/model_evaluation.py
      hash: md5
      md5: efb1de9838f57b0e50862992a47805df
      size: 4502
    outs:
    - path: reports/metrics.json
      hash: md5
      md5: 22171ac1e6a0cbb821ccfbde7cba28e9
      size: 139
